
Microsoft Visual Studio Solution File, Format Version 12.00
# Visual Studio Version 16
VisualStudioVersion = 16.0.30320.27
MinimumVisualStudioVersion = 10.0.40219.1
Project("{FAE04EC0-301F-11D3-BF4B-00C04F79EFBC}") = "Excel", "Excel\Excel.csproj", "{62C0638F-C432-4B98-A544-191EF27A9B5C}"
EndProject
Global
	GlobalSection(SolutionConfigurationPlatforms) = preSolution
		Debug|Any CPU = Debug|Any CPU
		Release|Any CPU = Release|Any CPU
	EndGlobalSection
	GlobalSection(ProjectConfigurationPlatforms) = postSolution
		{62C0638F-C432-4B98-A544-191EF27A9B5C}.Debug|Any CPU.ActiveCfg = Debug|Any CPU
		{62C0638F-C432-4B98-A544-191EF27A9B5C}.Debug|Any CPU.Build.0 = Debug|Any CPU
		{62C0638F-C432-4B98-A544-191EF27A9B5C}.Release|Any CPU.ActiveCfg = Release|Any CPU
		{62C0638F-C432-4B98-A544-191EF27A9B5C}.Release|Any CPU.Build.0 = Release|Any CPU
	EndGlobalSection
	GlobalSection(SolutionProperties) = preSolution
		HideSolutionNode = FALSE
	EndGlobalSection
	GlobalSection(ExtensibilityGlobals) = postSolution
		SolutionGuid = {A8179B99-9328-49C3-919D-276E05A34752}
	EndGlobalSection
EndGlobal
